
Microsoft Visual Studio Solution File, Format Version 12.00
# Visual Studio Version 17
VisualStudioVersion = 17.3.32929.385
MinimumVisualStudioVersion = 10.0.40219.1
Project("{FAE04EC0-301F-11D3-BF4B-00C04F79EFBC}") = "Learning1", "Learning1\Learning1.csproj", "{80F75638-A042-410A-A50D-6B9C69CFF6C1}"
EndProject
Global
	GlobalSection(SolutionConfigurationPlatforms) = preSolution
		Debug|Any CPU = Debug|Any CPU
		Release|Any CPU = Release|Any CPU
	EndGlobalSection
	GlobalSection(ProjectConfigurationPlatforms) = postSolution
		{80F75638-A042-410A-A50D-6B9C69CFF6C1}.Debug|Any CPU.ActiveCfg = Debug|Any CPU
		{80F75638-A042-410A-A50D-6B9C69CFF6C1}.Debug|Any CPU.Build.0 = Debug|Any CPU
		{80F75638-A042-410A-A50D-6B9C69CFF6C1}.Release|Any CPU.ActiveCfg = Release|Any CPU
		{80F75638-A042-410A-A50D-6B9C69CFF6C1}.Release|Any CPU.Build.0 = Release|Any CPU
	EndGlobalSection
	GlobalSection(SolutionProperties) = preSolution
		HideSolutionNode = FALSE
	EndGlobalSection
	GlobalSection(ExtensibilityGlobals) = postSolution
		SolutionGuid = {0807D35A-9F23-46CE-A5E8-45CDA5C64527}
	EndGlobalSection
EndGlobal
